
Microsoft Visual Studio Solution File, Format Version 12.00
# Visual Studio Version 17
VisualStudioVersion = 17.0.31903.59
MinimumVisualStudioVersion = 10.0.40219.1
Project("{2150E333-8FDC-42A3-9474-1A3956D46DE8}") = "src", "src", "{83C4D428-C460-4636-9422-357ED06D29A7}"
EndProject
Project("{2150E333-8FDC-42A3-9474-1A3956D46DE8}") = "Services", "Services", "{1FF669D2-B5F3-458A-BA25-5C0D621890F1}"
EndProject
Project("{FAE04EC0-301F-11D3-BF4B-00C04F79EFBC}") = "AppFileUploader.API", "src\Services\AppFileUploader.API\AppFileUploader.API.csproj", "{C08765FC-DEE6-4949-A7B3-A49B2175300D}"
EndProject
Project("{FAE04EC0-301F-11D3-BF4B-00C04F79EFBC}") = "AppFileUploader.Application", "src\Services\AppFileUploader.Application\AppFileUploader.Application.csproj", "{7FA953BC-B379-4515-9CA1-D9F1FE7FDACB}"
EndProject
Project("{FAE04EC0-301F-11D3-BF4B-00C04F79EFBC}") = "AppFileUploader.Domain", "src\Services\AppFileUploader.Domain\AppFileUploader.Domain.csproj", "{26F33F39-ED1B-4BD6-A120-1E06E8B2B81B}"
EndProject
Project("{FAE04EC0-301F-11D3-BF4B-00C04F79EFBC}") = "AppFileUploader.Infrastructure", "src\Services\AppFileUploader.Infrastructure\AppFileUploader.Infrastructure.csproj", "{206FC19E-71C3-450A-AE7E-D61FD42BA098}"
EndProject
Global
	GlobalSection(SolutionConfigurationPlatforms) = preSolution
		Debug|Any CPU = Debug|Any CPU
		Release|Any CPU = Release|Any CPU
	EndGlobalSection
	GlobalSection(SolutionProperties) = preSolution
		HideSolutionNode = FALSE
	EndGlobalSection
	GlobalSection(ProjectConfigurationPlatforms) = postSolution
		{C08765FC-DEE6-4949-A7B3-A49B2175300D}.Debug|Any CPU.ActiveCfg = Debug|Any CPU
		{C08765FC-DEE6-4949-A7B3-A49B2175300D}.Debug|Any CPU.Build.0 = Debug|Any CPU
		{C08765FC-DEE6-4949-A7B3-A49B2175300D}.Release|Any CPU.ActiveCfg = Release|Any CPU
		{C08765FC-DEE6-4949-A7B3-A49B2175300D}.Release|Any CPU.Build.0 = Release|Any CPU
		{7FA953BC-B379-4515-9CA1-D9F1FE7FDACB}.Debug|Any CPU.ActiveCfg = Debug|Any CPU
		{7FA953BC-B379-4515-9CA1-D9F1FE7FDACB}.Debug|Any CPU.Build.0 = Debug|Any CPU
		{7FA953BC-B379-4515-9CA1-D9F1FE7FDACB}.Release|Any CPU.ActiveCfg = Release|Any CPU
		{7FA953BC-B379-4515-9CA1-D9F1FE7FDACB}.Release|Any CPU.Build.0 = Release|Any CPU
		{26F33F39-ED1B-4BD6-A120-1E06E8B2B81B}.Debug|Any CPU.ActiveCfg = Debug|Any CPU
		{26F33F39-ED1B-4BD6-A120-1E06E8B2B81B}.Debug|Any CPU.Build.0 = Debug|Any CPU
		{26F33F39-ED1B-4BD6-A120-1E06E8B2B81B}.Release|Any CPU.ActiveCfg = Release|Any CPU
		{26F33F39-ED1B-4BD6-A120-1E06E8B2B81B}.Release|Any CPU.Build.0 = Release|Any CPU
		{206FC19E-71C3-450A-AE7E-D61FD42BA098}.Debug|Any CPU.ActiveCfg = Debug|Any CPU
		{206FC19E-71C3-450A-AE7E-D61FD42BA098}.Debug|Any CPU.Build.0 = Debug|Any CPU
		{206FC19E-71C3-450A-AE7E-D61FD42BA098}.Release|Any CPU.ActiveCfg = Release|Any CPU
		{206FC19E-71C3-450A-AE7E-D61FD42BA098}.Release|Any CPU.Build.0 = Release|Any CPU
	EndGlobalSection
	GlobalSection(NestedProjects) = preSolution
		{1FF669D2-B5F3-458A-BA25-5C0D621890F1} = {83C4D428-C460-4636-9422-357ED06D29A7}
		{C08765FC-DEE6-4949-A7B3-A49B2175300D} = {1FF669D2-B5F3-458A-BA25-5C0D621890F1}
		{7FA953BC-B379-4515-9CA1-D9F1FE7FDACB} = {1FF669D2-B5F3-458A-BA25-5C0D621890F1}
		{26F33F39-ED1B-4BD6-A120-1E06E8B2B81B} = {1FF669D2-B5F3-458A-BA25-5C0D621890F1}
		{206FC19E-71C3-450A-AE7E-D61FD42BA098} = {1FF669D2-B5F3-458A-BA25-5C0D621890F1}
	EndGlobalSection
EndGlobal
